// !$*UTF8*$!
{
	archiveVersion = 1;
	classes = {
	};
	objectVersion = 48;
	objects = {

/* Begin PBXBuildFile section */
		CDEBDEB120E9A050005FBA04 /* AppDelegate.swift in Sources */ = {isa = PBXBuildFile; fileRef = CDEBDEB020E9A050005FBA04 /* AppDelegate.swift */; };
		CDEBDEB320E9A051005FBA04 /* ViewController.swift in Sources */ = {isa = PBXBuildFile; fileRef = CDEBDEB220E9A051005FBA04 /* ViewController.swift */; };
		CDEBDEB620E9A051005FBA04 /* Main.storyboard in Resources */ = {isa = PBXBuildFile; fileRef = CDEBDEB420E9A051005FBA04 /* Main.storyboard */; };
		CDEBDEB820E9A051005FBA04 /* Assets.xcassets in Resources */ = {isa = PBXBuildFile; fileRef = CDEBDEB720E9A051005FBA04 /* Assets.xcassets */; };
		CDEBDEBB20E9A051005FBA04 /* LaunchScreen.storyboard in Resources */ = {isa = PBXBuildFile; fileRef = CDEBDEB920E9A051005FBA04 /* LaunchScreen.storyboard */; };
		CDEBDEC620E9A051005FBA04 /* Magic_8_BallTests.swift in Sources */ = {isa = PBXBuildFile; fileRef = CDEBDEC520E9A051005FBA04 /* Magic_8_BallTests.swift */; };
		CDEBDED120E9A051005FBA04 /* Magic_8_BallUITests.swift in Sources */ = {isa = PBXBuildFile; fileRef = CDEBDED020E9A051005FBA04 /* Magic_8_BallUITests.swift */; };
/* End PBXBuildFile section */

/* Begin PBXContainerItemProxy section */
		CDEBDEC220E9A051005FBA04 /* PBXContainerItemProxy */ = {
			isa = PBXContainerItemProxy;
			containerPortal = CDEBDEA520E9A050005FBA04 /* Project object */;
			proxyType = 1;
			remoteGlobalIDString = CDEBDEAC20E9A050005FBA04;
			remoteInfo = "Magic 8 Ball";
		};
		CDEBDECD20E9A051005FBA04 /* PBXContainerItemProxy */ = {
			isa = PBXContainerItemProxy;
			containerPortal = CDEBDEA520E9A050005FBA04 /* Project object */;
			proxyType = 1;
			remoteGlobalIDString = CDEBDEAC20E9A050005FBA04;
			remoteInfo = "Magic 8 Ball";
		};
/* End PBXContainerItemProxy section */

/* Begin PBXFileReference section */
		CDEBDEAD20E9A050005FBA04 /* Magic 8 Ball.app */ = {isa = PBXFileReference; explicitFileType = wrapper.application; includeInIndex = 0; path = "Magic 8 Ball.app"; sourceTree = BUILT_PRODUCTS_DIR; };
		CDEBDEB020E9A050005FBA04 /* AppDelegate.swift */ = {isa = PBXFileReference; lastKnownFileType = sourcecode.swift; path = AppDelegate.swift; sourceTree = "<group>"; };
		CDEBDEB220E9A051005FBA04 /* ViewController.swift */ = {isa = PBXFileReference; lastKnownFileType = sourcecode.swift; path = ViewController.swift; sourceTree = "<group>"; };
		CDEBDEB520E9A051005FBA04 /* Base */ = {isa = PBXFileReference; lastKnownFileType = file.storyboard; name = Base; path = Base.lproj/Main.storyboard; sourceTree = "<group>"; };
		CDEBDEB720E9A051005FBA04 /* Assets.xcassets */ = {isa = PBXFileReference; lastKnownFileType = folder.assetcatalog; path = Assets.xcassets; sourceTree = "<group>"; };
		CDEBDEBA20E9A051005FBA04 /* Base */ = {isa = PBXFileReference; lastKnownFileType = file.storyboard; name = Base; path = Base.lproj/LaunchScreen.storyboard; sourceTree = "<group>"; };
		CDEBDEBC20E9A051005FBA04 /* Info.plist */ = {isa = PBXFileReference; lastKnownFileType = text.plist.xml; path = Info.plist; sourceTree = "<group>"; };
		CDEBDEC120E9A051005FBA04 /* Magic 8 BallTests.xctest */ = {isa = PBXFileReference; explicitFileType = wrapper.cfbundle; includeInIndex = 0; path = "Magic 8 BallTests.xctest"; sourceTree = BUILT_PRODUCTS_DIR; };
		CDEBDEC520E9A051005FBA04 /* Magic_8_BallTests.swift */ = {isa = PBXFileReference; lastKnownFileType = sourcecode.swift; path = Magic_8_BallTests.swift; sourceTree = "<group>"; };
		CDEBDEC720E9A051005FBA04 /* Info.plist */ = {isa = PBXFileReference; lastKnownFileType = text.plist.xml; path = Info.plist; sourceTree = "<group>"; };
		CDEBDECC20E9A051005FBA04 /* Magic 8 BallUITests.xctest */ = {isa = PBXFileReference; explicitFileType = wrapper.cfbundle; includeInIndex = 0; path = "Magic 8 BallUITests.xctest"; sourceTree = BUILT_PRODUCTS_DIR; };
		CDEBDED020E9A051005FBA04 /* Magic_8_BallUITests.swift */ = {isa = PBXFileReference; lastKnownFileType = sourcecode.swift; path = Magic_8_BallUITests.swift; sourceTree = "<group>"; };
		CDEBDED220E9A051005FBA04 /* Info.plist */ = {isa = PBXFileReference; lastKnownFileType = text.plist.xml; path = Info.plist; sourceTree = "<group>"; };
/* End PBXFileReference section */

/* Begin PBXFrameworksBuildPhase section */
		CDEBDEAA20E9A050005FBA04 /* Frameworks */ = {
			isa = PBXFrameworksBuildPhase;
			buildActionMask = 2147483647;
			files = (
			);
			runOnlyForDeploymentPostprocessing = 0;
		};
		CDEBDEBE20E9A051005FBA04 /* Frameworks */ = {
			isa = PBXFrameworksBuildPhase;
			buildActionMask = 2147483647;
			files = (
			);
			runOnlyForDeploymentPostprocessing = 0;
		};
		CDEBDEC920E9A051005FBA04 /* Frameworks */ = {
			isa = PBXFrameworksBuildPhase;
			buildActionMask = 2147483647;
			files = (
			);
			runOnlyForDeploymentPostprocessing = 0;
		};
/* End PBXFrameworksBuildPhase section */

/* Begin PBXGroup section */
		CDEBDEA420E9A050005FBA04 = {
			isa = PBXGroup;
			children = (
				CDEBDEAF20E9A050005FBA04 /* Magic 8 Ball */,
				CDEBDEC420E9A051005FBA04 /* Magic 8 BallTests */,
				CDEBDECF20E9A051005FBA04 /* Magic 8 BallUITests */,
				CDEBDEAE20E9A050005FBA04 /* Products */,
			);
			sourceTree = "<group>";
		};
		CDEBDEAE20E9A050005FBA04 /* Products */ = {
			isa = PBXGroup;
			children = (
				CDEBDEAD20E9A050005FBA04 /* Magic 8 Ball.app */,
				CDEBDEC120E9A051005FBA04 /* Magic 8 BallTests.xctest */,
				CDEBDECC20E9A051005FBA04 /* Magic 8 BallUITests.xctest */,
			);
			name = Products;
			sourceTree = "<group>";
		};
		CDEBDEAF20E9A050005FBA04 /* Magic 8 Ball */ = {
			isa = PBXGroup;
			children = (
				CDEBDEB020E9A050005FBA04 /* AppDelegate.swift */,
				CDEBDEB220E9A051005FBA04 /* ViewController.swift */,
				CDEBDEB420E9A051005FBA04 /* Main.storyboard */,
				CDEBDEB720E9A051005FBA04 /* Assets.xcassets */,
				CDEBDEB920E9A051005FBA04 /* LaunchScreen.storyboard */,
				CDEBDEBC20E9A051005FBA04 /* Info.plist */,
			);
			path = "Magic 8 Ball";
			sourceTree = "<group>";
		};
		CDEBDEC420E9A051005FBA04 /* Magic 8 BallTests */ = {
			isa = PBXGroup;
			children = (
				CDEBDEC520E9A051005FBA04 /* Magic_8_BallTests.swift */,
				CDEBDEC720E9A051005FBA04 /* Info.plist */,
			);
			path = "Magic 8 BallTests";
			sourceTree = "<group>";
		};
		CDEBDECF20E9A051005FBA04 /* Magic 8 BallUITests */ = {
			isa = PBXGroup;
			children = (
				CDEBDED020E9A051005FBA04 /* Magic_8_BallUITests.swift */,
				CDEBDED220E9A051005FBA04 /* Info.plist */,
			);
			path = "Magic 8 BallUITests";
			sourceTree = "<group>";
		};
/* End PBXGroup section */

/* Begin PBXNativeTarget section */
		CDEBDEAC20E9A050005FBA04 /* Magic 8 Ball */ = {
			isa = PBXNativeTarget;
			buildConfigurationList = CDEBDED520E9A051005FBA04 /* Build configuration list for PBXNativeTarget "Magic 8 Ball" */;
			buildPhases = (
				CDEBDEA920E9A050005FBA04 /* Sources */,
				CDEBDEAA20E9A050005FBA04 /* Frameworks */,
				CDEBDEAB20E9A050005FBA04 /* Resources */,
			);
			buildRules = (
			);
			dependencies = (
			);
			name = "Magic 8 Ball";
			productName = "Magic 8 Ball";
			productReference = CDEBDEAD20E9A050005FBA04 /* Magic 8 Ball.app */;
			productType = "com.apple.product-type.application";
		};
		CDEBDEC020E9A051005FBA04 /* Magic 8 BallTests */ = {
			isa = PBXNativeTarget;
			buildConfigurationList = CDEBDED820E9A051005FBA04 /* Build configuration list for PBXNativeTarget "Magic 8 BallTests" */;
			buildPhases = (
				CDEBDEBD20E9A051005FBA04 /* Sources */,
				CDEBDEBE20E9A051005FBA04 /* Frameworks */,
				CDEBDEBF20E9A051005FBA04 /* Resources */,
			);
			buildRules = (
			);
			dependencies = (
				CDEBDEC320E9A051005FBA04 /* PBXTargetDependency */,
			);
			name = "Magic 8 BallTests";
			productName = "Magic 8 BallTests";
			productReference = CDEBDEC120E9A051005FBA04 /* Magic 8 BallTests.xctest */;
			productType = "com.apple.product-type.bundle.unit-test";
		};
		CDEBDECB20E9A051005FBA04 /* Magic 8 BallUITests */ = {
			isa = PBXNativeTarget;
			buildConfigurationList = CDEBDEDB20E9A051005FBA04 /* Build configuration list for PBXNativeTarget "Magic 8 BallUITests" */;
			buildPhases = (
				CDEBDEC820E9A051005FBA04 /* Sources */,
				CDEBDEC920E9A051005FBA04 /* Frameworks */,
				CDEBDECA20E9A051005FBA04 /* Resources */,
			);
			buildRules = (
			);
			dependencies = (
				CDEBDECE20E9A051005FBA04 /* PBXTargetDependency */,
			);
			name = "Magic 8 BallUITests";
			productName = "Magic 8 BallUITests";
			productReference = CDEBDECC20E9A051005FBA04 /* Magic 8 BallUITests.xctest */;
			productType = "com.apple.product-type.bundle.ui-testing";
		};
/* End PBXNativeTarget section */

/* Begin PBXProject section */
		CDEBDEA520E9A050005FBA04 /* Project object */ = {
			isa = PBXProject;
			attributes = {
				LastSwiftUpdateCheck = 0920;
				LastUpgradeCheck = 0920;
				ORGANIZATIONNAME = "Adil Arif";
				TargetAttributes = {
					CDEBDEAC20E9A050005FBA04 = {
						CreatedOnToolsVersion = 9.2;
						ProvisioningStyle = Automatic;
					};
					CDEBDEC020E9A051005FBA04 = {
						CreatedOnToolsVersion = 9.2;
						ProvisioningStyle = Automatic;
						TestTargetID = CDEBDEAC20E9A050005FBA04;
					};
					CDEBDECB20E9A051005FBA04 = {
						CreatedOnToolsVersion = 9.2;
						ProvisioningStyle = Automatic;
						TestTargetID = CDEBDEAC20E9A050005FBA04;
					};
				};
			};
			buildConfigurationList = CDEBDEA820E9A050005FBA04 /* Build configuration list for PBXProject "Magic 8 Ball" */;
			compatibilityVersion = "Xcode 8.0";
			developmentRegion = en;
			hasScannedForEncodings = 0;
			knownRegions = (
				en,
				Base,
			);
			mainGroup = CDEBDEA420E9A050005FBA04;
			productRefGroup = CDEBDEAE20E9A050005FBA04 /* Products */;
			projectDirPath = "";
			projectRoot = "";
			targets = (
				CDEBDEAC20E9A050005FBA04 /* Magic 8 Ball */,
				CDEBDEC020E9A051005FBA04 /* Magic 8 BallTests */,
				CDEBDECB20E9A051005FBA04 /* Magic 8 BallUITests */,
			);
		};
/* End PBXProject section */

/* Begin PBXResourcesBuildPhase section */
		CDEBDEAB20E9A050005FBA04 /* Resources */ = {
			isa = PBXResourcesBuildPhase;
			buildActionMask = 2147483647;
			files = (
				CDEBDEBB20E9A051005FBA04 /* LaunchScreen.storyboard in Resources */,
				CDEBDEB820E9A051005FBA04 /* Assets.xcassets in Resources */,
				CDEBDEB620E9A051005FBA04 /* Main.storyboard in Resources */,
			);
			runOnlyForDeploymentPostprocessing = 0;
		};
		CDEBDEBF20E9A051005FBA04 /* Resources */ = {
			isa = PBXResourcesBuildPhase;
			buildActionMask = 2147483647;
			files = (
			);
			runOnlyForDeploymentPostprocessing = 0;
		};
		CDEBDECA20E9A051005FBA04 /* Resources */ = {
			isa = PBXResourcesBuildPhase;
			buildActionMask = 2147483647;
			files = (
			);
			runOnlyForDeploymentPostprocessing = 0;
		};
/* End PBXResourcesBuildPhase section */

/* Begin PBXSourcesBuildPhase section */
		CDEBDEA920E9A050005FBA04 /* Sources */ = {
			isa = PBXSourcesBuildPhase;
			buildActionMask = 2147483647;
			files = (
				CDEBDEB320E9A051005FBA04 /* ViewController.swift in Sources */,
				CDEBDEB120E9A050005FBA04 /* AppDelegate.swift in Sources */,
			);
			runOnlyForDeploymentPostprocessing = 0;
		};
		CDEBDEBD20E9A051005FBA04 /* Sources */ = {
			isa = PBXSourcesBuildPhase;
			buildActionMask = 2147483647;
			files = (
				CDEBDEC620E9A051005FBA04 /* Magic_8_BallTests.swift in Sources */,
			);
			runOnlyForDeploymentPostprocessing = 0;
		};
		CDEBDEC820E9A051005FBA04 /* Sources */ = {
			isa = PBXSourcesBuildPhase;
			buildActionMask = 2147483647;
			files = (
				CDEBDED120E9A051005FBA04 /* Magic_8_BallUITests.swift in Sources */,
			);
			runOnlyForDeploymentPostprocessing = 0;
		};
/* End PBXSourcesBuildPhase section */

/* Begin PBXTargetDependency section */
		CDEBDEC320E9A051005FBA04 /* PBXTargetDependency */ = {
			isa = PBXTargetDependency;
			target = CDEBDEAC20E9A050005FBA04 /* Magic 8 Ball */;
			targetProxy = CDEBDEC220E9A051005FBA04 /* PBXContainerItemProxy */;
		};
		CDEBDECE20E9A051005FBA04 /* PBXTargetDependency */ = {
			isa = PBXTargetDependency;
			target = CDEBDEAC20E9A050005FBA04 /* Magic 8 Ball */;
			targetProxy = CDEBDECD20E9A051005FBA04 /* PBXContainerItemProxy */;
		};
/* End PBXTargetDependency section */

/* Begin PBXVariantGroup section */
		CDEBDEB420E9A051005FBA04 /* Main.storyboard */ = {
			isa = PBXVariantGroup;
			children = (
				CDEBDEB520E9A051005FBA04 /* Base */,
			);
			name = Main.storyboard;
			sourceTree = "<group>";
		};
		CDEBDEB920E9A051005FBA04 /* LaunchScreen.storyboard */ = {
			isa = PBXVariantGroup;
			children = (
				CDEBDEBA20E9A051005FBA04 /* Base */,
			);
			name = LaunchScreen.storyboard;
			sourceTree = "<group>";
		};
/* End PBXVariantGroup section */

/* Begin XCBuildConfiguration section */
		CDEBDED320E9A051005FBA04 /* Debug */ = {
			isa = XCBuildConfiguration;
			buildSettings = {
				ALWAYS_SEARCH_USER_PATHS = NO;
				CLANG_ANALYZER_NONNULL = YES;
				CLANG_ANALYZER_NUMBER_OBJECT_CONVERSION = YES_AGGRESSIVE;
				CLANG_CXX_LANGUAGE_STANDARD = "gnu++14";
				CLANG_CXX_LIBRARY = "libc++";
				CLANG_ENABLE_MODULES = YES;
				CLANG_ENABLE_OBJC_ARC = YES;
				CLANG_WARN_BLOCK_CAPTURE_AUTORELEASING = YES;
				CLANG_WARN_BOOL_CONVERSION = YES;
				CLANG_WARN_COMMA = YES;
				CLANG_WARN_CONSTANT_CONVERSION = YES;
				CLANG_WARN_DIRECT_OBJC_ISA_USAGE = YES_ERROR;
				CLANG_WARN_DOCUMENTATION_COMMENTS = YES;
				CLANG_WARN_EMPTY_BODY = YES;
				CLANG_WARN_ENUM_CONVERSION = YES;
				CLANG_WARN_INFINITE_RECURSION = YES;
				CLANG_WARN_INT_CONVERSION = YES;
				CLANG_WARN_NON_LITERAL_NULL_CONVERSION = YES;
				CLANG_WARN_OBJC_LITERAL_CONVERSION = YES;
				CLANG_WARN_OBJC_ROOT_CLASS = YES_ERROR;
				CLANG_WARN_RANGE_LOOP_ANALYSIS = YES;
				CLANG_WARN_STRICT_PROTOTYPES = YES;
				CLANG_WARN_SUSPICIOUS_MOVE = YES;
				CLANG_WARN_UNGUARDED_AVAILABILITY = YES_AGGRESSIVE;
				CLANG_WARN_UNREACHABLE_CODE = YES;
				CLANG_WARN__DUPLICATE_METHOD_MATCH = YES;
				CODE_SIGN_IDENTITY = "iPhone Developer";
				COPY_PHASE_STRIP = NO;
				DEBUG_INFORMATION_FORMAT = dwarf;
				ENABLE_STRICT_OBJC_MSGSEND = YES;
				ENABLE_TESTABILITY = YES;
				GCC_C_LANGUAGE_STANDARD = gnu11;
				GCC_DYNAMIC_NO_PIC = NO;
				GCC_NO_COMMON_BLOCKS = YES;
				GCC_OPTIMIZATION_LEVEL = 0;
				GCC_PREPROCESSOR_DEFINITIONS = (
					"DEBUG=1",
					"$(inherited)",
				);
				GCC_WARN_64_TO_32_BIT_CONVERSION = YES;
				GCC_WARN_ABOUT_RETURN_TYPE = YES_ERROR;
				GCC_WARN_UNDECLARED_SELECTOR = YES;
				GCC_WARN_UNINITIALIZED_AUTOS = YES_AGGRESSIVE;
				GCC_WARN_UNUSED_FUNCTION = YES;
				GCC_WARN_UNUSED_VARIABLE = YES;
				IPHONEOS_DEPLOYMENT_TARGET = 11.2;
				MTL_ENABLE_DEBUG_INFO = YES;
				ONLY_ACTIVE_ARCH = YES;
				SDKROOT = iphoneos;
				SWIFT_ACTIVE_COMPILATION_CONDITIONS = DEBUG;
				SWIFT_OPTIMIZATION_LEVEL = "-Onone";
			};
			name = Debug;
		};
		CDEBDED420E9A051005FBA04 /* Release */ = {
			isa = XCBuildConfiguration;
			buildSettings = {
				ALWAYS_SEARCH_USER_PATHS = NO;
				CLANG_ANALYZER_NONNULL = YES;
				CLANG_ANALYZER_NUMBER_OBJECT_CONVERSION = YES_AGGRESSIVE;
				CLANG_CXX_LANGUAGE_STANDARD = "gnu++14";
				CLANG_CXX_LIBRARY = "libc++";
				CLANG_ENABLE_MODULES = YES;
				CLANG_ENABLE_OBJC_ARC = YES;
				CLANG_WARN_BLOCK_CAPTURE_AUTORELEASING = YES;
				CLANG_WARN_BOOL_CONVERSION = YES;
				CLANG_WARN_COMMA = YES;
				CLANG_WARN_CONSTANT_CONVERSION = YES;
				CLANG_WARN_DIRECT_OBJC_ISA_USAGE = YES_ERROR;
				CLANG_WARN_DOCUMENTATION_COMMENTS = YES;
				CLANG_WARN_EMPTY_BODY = YES;
				CLANG_WARN_ENUM_CONVERSION = YES;
				CLANG_WARN_INFINITE_RECURSION = YES;
				CLANG_WARN_INT_CONVERSION = YES;
				CLANG_WARN_NON_LITERAL_NULL_CONVERSION = YES;
				CLANG_WARN_OBJC_LITERAL_CONVERSION = YES;
				CLANG_WARN_OBJC_ROOT_CLASS = YES_ERROR;
				CLANG_WARN_RANGE_LOOP_ANALYSIS = YES;
				CLANG_WARN_STRICT_PROTOTYPES = YES;
				CLANG_WARN_SUSPICIOUS_MOVE = YES;
				CLANG_WARN_UNGUARDED_AVAILABILITY = YES_AGGRESSIVE;
				CLANG_WARN_UNREACHABLE_CODE = YES;
				CLANG_WARN__DUPLICATE_METHOD_MATCH = YES;
				CODE_SIGN_IDENTITY = "iPhone Developer";
				COPY_PHASE_STRIP = NO;
				DEBUG_INFORMATION_FORMAT = "dwarf-with-dsym";
				ENABLE_NS_ASSERTIONS = NO;
				ENABLE_STRICT_OBJC_MSGSEND = YES;
				GCC_C_LANGUAGE_STANDARD = gnu11;
				GCC_NO_COMMON_BLOCKS = YES;
				GCC_WARN_64_TO_32_BIT_CONVERSION = YES;
				GCC_WARN_ABOUT_RETURN_TYPE = YES_ERROR;
				GCC_WARN_UNDECLARED_SELECTOR = YES;
				GCC_WARN_UNINITIALIZED_AUTOS = YES_AGGRESSIVE;
				GCC_WARN_UNUSED_FUNCTION = YES;
				GCC_WARN_UNUSED_VARIABLE = YES;
				IPHONEOS_DEPLOYMENT_TARGET = 11.2;
				MTL_ENABLE_DEBUG_INFO = NO;
				SDKROOT = iphoneos;
				SWIFT_OPTIMIZATION_LEVEL = "-Owholemodule";
				VALIDATE_PRODUCT = YES;
			};
			name = Release;
		};
		CDEBDED620E9A051005FBA04 /* Debug */ = {
			isa = XCBuildConfiguration;
			buildSettings = {
				ASSETCATALOG_COMPILER_APPICON_NAME = AppIcon;
				CODE_SIGN_STYLE = Automatic;
				DEVELOPMENT_TEAM = SKL6A59BCT;
				INFOPLIST_FILE = "Magic 8 Ball/Info.plist";
				LD_RUNPATH_SEARCH_PATHS = "$(inherited) @executable_path/Frameworks";
				PRODUCT_BUNDLE_IDENTIFIER = "com.adilarif.Magic-8-Ball";
				PRODUCT_NAME = "$(TARGET_NAME)";
				SWIFT_VERSION = 4.0;
				TARGETED_DEVICE_FAMILY = "1,2";
			};
			name = Debug;
		};
		CDEBDED720E9A051005FBA04 /* Release */ = {
			isa = XCBuildConfiguration;
			buildSettings = {
				ASSETCATALOG_COMPILER_APPICON_NAME = AppIcon;
				CODE_SIGN_STYLE = Automatic;
				DEVELOPMENT_TEAM = SKL6A59BCT;
				INFOPLIST_FILE = "Magic 8 Ball/Info.plist";
				LD_RUNPATH_SEARCH_PATHS = "$(inherited) @executable_path/Frameworks";
				PRODUCT_BUNDLE_IDENTIFIER = "com.adilarif.Magic-8-Ball";
				PRODUCT_NAME = "$(TARGET_NAME)";
				SWIFT_VERSION = 4.0;
				TARGETED_DEVICE_FAMILY = "1,2";
			};
			name = Release;
		};
		CDEBDED920E9A051005FBA04 /* Debug */ = {
			isa = XCBuildConfiguration;
			buildSettings = {
				ALWAYS_EMBED_SWIFT_STANDARD_LIBRARIES = YES;
				BUNDLE_LOADER = "$(TEST_HOST)";
				CODE_SIGN_STYLE = Automatic;
				DEVELOPMENT_TEAM = SKL6A59BCT;
				INFOPLIST_FILE = "Magic 8 BallTests/Info.plist";
				LD_RUNPATH_SEARCH_PATHS = "$(inherited) @executable_path/Frameworks @loader_path/Frameworks";
				PRODUCT_BUNDLE_IDENTIFIER = "com.adilarif.Magic-8-BallTests";
				PRODUCT_NAME = "$(TARGET_NAME)";
				SWIFT_VERSION = 4.0;
				TARGETED_DEVICE_FAMILY = "1,2";
				TEST_HOST = "$(BUILT_PRODUCTS_DIR)/Magic 8 Ball.app/Magic 8 Ball";
			};
			name = Debug;
		};
		CDEBDEDA20E9A051005FBA04 /* Release */ = {
			isa = XCBuildConfiguration;
			buildSettings = {
				ALWAYS_EMBED_SWIFT_STANDARD_LIBRARIES = YES;
				BUNDLE_LOADER = "$(TEST_HOST)";
				CODE_SIGN_STYLE = Automatic;
				DEVELOPMENT_TEAM = SKL6A59BCT;
				INFOPLIST_FILE = "Magic 8 BallTests/Info.plist";
				LD_RUNPATH_SEARCH_PATHS = "$(inherited) @executable_path/Frameworks @loader_path/Frameworks";
				PRODUCT_BUNDLE_IDENTIFIER = "com.adilarif.Magic-8-BallTests";
				PRODUCT_NAME = "$(TARGET_NAME)";
				SWIFT_VERSION = 4.0;
				TARGETED_DEVICE_FAMILY = "1,2";
				TEST_HOST = "$(BUILT_PRODUCTS_DIR)/Magic 8 Ball.app/Magic 8 Ball";
			};
			name = Release;
		};
		CDEBDEDC20E9A051005FBA04 /* Debug */ = {
			isa = XCBuildConfiguration;
			buildSettings = {
				ALWAYS_EMBED_SWIFT_STANDARD_LIBRARIES = YES;
				CODE_SIGN_STYLE = Automatic;
				DEVELOPMENT_TEAM = SKL6A59BCT;
				INFOPLIST_FILE = "Magic 8 BallUITests/Info.plist";
				LD_RUNPATH_SEARCH_PATHS = "$(inherited) @executable_path/Frameworks @loader_path/Frameworks";
				PRODUCT_BUNDLE_IDENTIFIER = "com.adilarif.Magic-8-BallUITests";
				PRODUCT_NAME = "$(TARGET_NAME)";
				SWIFT_VERSION = 4.0;
				TARGETED_DEVICE_FAMILY = "1,2";
				TEST_TARGET_NAME = "Magic 8 Ball";
			};
			name = Debug;
		};
		CDEBDEDD20E9A051005FBA04 /* Release */ = {
			isa = XCBuildConfiguration;
			buildSettings = {
				ALWAYS_EMBED_SWIFT_STANDARD_LIBRARIES = YES;
				CODE_SIGN_STYLE = Automatic;
				DEVELOPMENT_TEAM = SKL6A59BCT;
				INFOPLIST_FILE = "Magic 8 BallUITests/Info.plist";
				LD_RUNPATH_SEARCH_PATHS = "$(inherited) @executable_path/Frameworks @loader_path/Frameworks";
				PRODUCT_BUNDLE_IDENTIFIER = "com.adilarif.Magic-8-BallUITests";
				PRODUCT_NAME = "$(TARGET_NAME)";
				SWIFT_VERSION = 4.0;
				TARGETED_DEVICE_FAMILY = "1,2";
				TEST_TARGET_NAME = "Magic 8 Ball";
			};
			name = Release;
		};
/* End XCBuildConfiguration section */

/* Begin XCConfigurationList section */
		CDEBDEA820E9A050005FBA04 /* Build configuration list for PBXProject "Magic 8 Ball" */ = {
			isa = XCConfigurationList;
			buildConfigurations = (
				CDEBDED320E9A051005FBA04 /* Debug */,
				CDEBDED420E9A051005FBA04 /* Release */,
			);
			defaultConfigurationIsVisible = 0;
			defaultConfigurationName = Release;
		};
		CDEBDED520E9A051005FBA04 /* Build configuration list for PBXNativeTarget "Magic 8 Ball" */ = {
			isa = XCConfigurationList;
			buildConfigurations = (
				CDEBDED620E9A051005FBA04 /* Debug */,
				CDEBDED720E9A051005FBA04 /* Release */,
			);
			defaultConfigurationIsVisible = 0;
			defaultConfigurationName = Release;
		};
		CDEBDED820E9A051005FBA04 /* Build configuration list for PBXNativeTarget "Magic 8 BallTests" */ = {
			isa = XCConfigurationList;
			buildConfigurations = (
				CDEBDED920E9A051005FBA04 /* Debug */,
				CDEBDEDA20E9A051005FBA04 /* Release */,
			);
			defaultConfigurationIsVisible = 0;
			defaultConfigurationName = Release;
		};
		CDEBDEDB20E9A051005FBA04 /* Build configuration list for PBXNativeTarget "Magic 8 BallUITests" */ = {
			isa = XCConfigurationList;
			buildConfigurations = (
				CDEBDEDC20E9A051005FBA04 /* Debug */,
				CDEBDEDD20E9A051005FBA04 /* Release */,
			);
			defaultConfigurationIsVisible = 0;
			defaultConfigurationName = Release;
		};
/* End XCConfigurationList section */
	};
	rootObject = CDEBDEA520E9A050005FBA04 /* Project object */;
}
